// !$*UTF8*$!
{
	archiveVersion = 1;
	classes = {
	};
	objectVersion = 56;
	objects = {

/* Begin PBXBuildFile section */
		6970A37D2BE403D400C316B5 /* RegistrationView.swift in Sources */ = {isa = PBXBuildFile; fileRef = 6970A37C2BE403D400C316B5 /* RegistrationView.swift */; };
		6970A37F2BE4087400C316B5 /* ProfileView.swift in Sources */ = {isa = PBXBuildFile; fileRef = 6970A37E2BE4087400C316B5 /* ProfileView.swift */; };
		6970A3812BE4095700C316B5 /* UserObject.swift in Sources */ = {isa = PBXBuildFile; fileRef = 6970A3802BE4095700C316B5 /* UserObject.swift */; };
		6970A3832BE4333D00C316B5 /* GoogleService-Info.plist in Resources */ = {isa = PBXBuildFile; fileRef = 6970A3822BE4333D00C316B5 /* GoogleService-Info.plist */; };
		6970A3862BE4344200C316B5 /* FirebaseAuth in Frameworks */ = {isa = PBXBuildFile; productRef = 6970A3852BE4344200C316B5 /* FirebaseAuth */; };
		6970A3882BE4344200C316B5 /* FirebaseDatabase in Frameworks */ = {isa = PBXBuildFile; productRef = 6970A3872BE4344200C316B5 /* FirebaseDatabase */; };
		6970A38A2BE4344200C316B5 /* FirebaseFirestore in Frameworks */ = {isa = PBXBuildFile; productRef = 6970A3892BE4344200C316B5 /* FirebaseFirestore */; };
		6970A38C2BE4344200C316B5 /* FirebaseFirestoreSwift in Frameworks */ = {isa = PBXBuildFile; productRef = 6970A38B2BE4344200C316B5 /* FirebaseFirestoreSwift */; };
		6970A38E2BE4344200C316B5 /* FirebaseStorage in Frameworks */ = {isa = PBXBuildFile; productRef = 6970A38D2BE4344200C316B5 /* FirebaseStorage */; };
		6970A3902BE435C600C316B5 /* AuthViewModel.swift in Sources */ = {isa = PBXBuildFile; fileRef = 6970A38F2BE435C600C316B5 /* AuthViewModel.swift */; };
		6970A3922BEADBD200C316B5 /* SubmitVoteView.swift in Sources */ = {isa = PBXBuildFile; fileRef = 6970A3912BEADBD100C316B5 /* SubmitVoteView.swift */; };
		6970A3962BEBDC2900C316B5 /* ViewVoting.swift in Sources */ = {isa = PBXBuildFile; fileRef = 6970A3952BEBDC2900C316B5 /* ViewVoting.swift */; };
		6970A3982BEBDC3800C316B5 /* ViewWinner.swift in Sources */ = {isa = PBXBuildFile; fileRef = 6970A3972BEBDC3800C316B5 /* ViewWinner.swift */; };
		6983B5582BE3F14800BF0AAC /* MDP_FinalApp.swift in Sources */ = {isa = PBXBuildFile; fileRef = 6983B5572BE3F14800BF0AAC /* MDP_FinalApp.swift */; };
		6983B55A2BE3F14800BF0AAC /* ContentView.swift in Sources */ = {isa = PBXBuildFile; fileRef = 6983B5592BE3F14800BF0AAC /* ContentView.swift */; };
		6983B55C2BE3F14C00BF0AAC /* Assets.xcassets in Resources */ = {isa = PBXBuildFile; fileRef = 6983B55B2BE3F14C00BF0AAC /* Assets.xcassets */; };
		6983B55F2BE3F14C00BF0AAC /* Preview Assets.xcassets in Resources */ = {isa = PBXBuildFile; fileRef = 6983B55E2BE3F14C00BF0AAC /* Preview Assets.xcassets */; };
		6983B5692BE3F14D00BF0AAC /* MDP_FinalTests.swift in Sources */ = {isa = PBXBuildFile; fileRef = 6983B5682BE3F14D00BF0AAC /* MDP_FinalTests.swift */; };
		6983B5732BE3F14D00BF0AAC /* MDP_FinalUITests.swift in Sources */ = {isa = PBXBuildFile; fileRef = 6983B5722BE3F14D00BF0AAC /* MDP_FinalUITests.swift */; };
		6983B5752BE3F14D00BF0AAC /* MDP_FinalUITestsLaunchTests.swift in Sources */ = {isa = PBXBuildFile; fileRef = 6983B5742BE3F14D00BF0AAC /* MDP_FinalUITestsLaunchTests.swift */; };
		6983B58C2BE3F23B00BF0AAC /* LoginView.swift in Sources */ = {isa = PBXBuildFile; fileRef = 6983B58B2BE3F23B00BF0AAC /* LoginView.swift */; };
		6983B58E2BE3F31D00BF0AAC /* InputVIew.swift in Sources */ = {isa = PBXBuildFile; fileRef = 6983B58D2BE3F31D00BF0AAC /* InputVIew.swift */; };
/* End PBXBuildFile section */

/* Begin PBXContainerItemProxy section */
		6983B5652BE3F14D00BF0AAC /* PBXContainerItemProxy */ = {
			isa = PBXContainerItemProxy;
			containerPortal = 6983B54C2BE3F14800BF0AAC /* Project object */;
			proxyType = 1;
			remoteGlobalIDString = 6983B5532BE3F14800BF0AAC;
			remoteInfo = MDP_Final;
		};
		6983B56F2BE3F14D00BF0AAC /* PBXContainerItemProxy */ = {
			isa = PBXContainerItemProxy;
			containerPortal = 6983B54C2BE3F14800BF0AAC /* Project object */;
			proxyType = 1;
			remoteGlobalIDString = 6983B5532BE3F14800BF0AAC;
			remoteInfo = MDP_Final;
		};
/* End PBXContainerItemProxy section */

/* Begin PBXFileReference section */
		6970A37C2BE403D400C316B5 /* RegistrationView.swift */ = {isa = PBXFileReference; lastKnownFileType = sourcecode.swift; path = RegistrationView.swift; sourceTree = "<group>"; };
		6970A37E2BE4087400C316B5 /* ProfileView.swift */ = {isa = PBXFileReference; lastKnownFileType = sourcecode.swift; path = ProfileView.swift; sourceTree = "<group>"; };
		6970A3802BE4095700C316B5 /* UserObject.swift */ = {isa = PBXFileReference; lastKnownFileType = sourcecode.swift; path = UserObject.swift; sourceTree = "<group>"; };
		6970A3822BE4333D00C316B5 /* GoogleService-Info.plist */ = {isa = PBXFileReference; fileEncoding = 4; lastKnownFileType = text.plist.xml; path = "GoogleService-Info.plist"; sourceTree = "<group>"; };
		6970A38F2BE435C600C316B5 /* AuthViewModel.swift */ = {isa = PBXFileReference; lastKnownFileType = sourcecode.swift; path = AuthViewModel.swift; sourceTree = "<group>"; };
		6970A3912BEADBD100C316B5 /* SubmitVoteView.swift */ = {isa = PBXFileReference; lastKnownFileType = sourcecode.swift; path = SubmitVoteView.swift; sourceTree = "<group>"; };
		6970A3952BEBDC2900C316B5 /* ViewVoting.swift */ = {isa = PBXFileReference; lastKnownFileType = sourcecode.swift; path = ViewVoting.swift; sourceTree = "<group>"; };
		6970A3972BEBDC3800C316B5 /* ViewWinner.swift */ = {isa = PBXFileReference; lastKnownFileType = sourcecode.swift; path = ViewWinner.swift; sourceTree = "<group>"; };
		6983B5542BE3F14800BF0AAC /* MDP_Final.app */ = {isa = PBXFileReference; explicitFileType = wrapper.application; includeInIndex = 0; path = MDP_Final.app; sourceTree = BUILT_PRODUCTS_DIR; };
		6983B5572BE3F14800BF0AAC /* MDP_FinalApp.swift */ = {isa = PBXFileReference; lastKnownFileType = sourcecode.swift; path = MDP_FinalApp.swift; sourceTree = "<group>"; };
		6983B5592BE3F14800BF0AAC /* ContentView.swift */ = {isa = PBXFileReference; lastKnownFileType = sourcecode.swift; path = ContentView.swift; sourceTree = "<group>"; };
		6983B55B2BE3F14C00BF0AAC /* Assets.xcassets */ = {isa = PBXFileReference; lastKnownFileType = folder.assetcatalog; path = Assets.xcassets; sourceTree = "<group>"; };
		6983B55E2BE3F14C00BF0AAC /* Preview Assets.xcassets */ = {isa = PBXFileReference; lastKnownFileType = folder.assetcatalog; path = "Preview Assets.xcassets"; sourceTree = "<group>"; };
		6983B5642BE3F14D00BF0AAC /* MDP_FinalTests.xctest */ = {isa = PBXFileReference; explicitFileType = wrapper.cfbundle; includeInIndex = 0; path = MDP_FinalTests.xctest; sourceTree = BUILT_PRODUCTS_DIR; };
		6983B5682BE3F14D00BF0AAC /* MDP_FinalTests.swift */ = {isa = PBXFileReference; lastKnownFileType = sourcecode.swift; path = MDP_FinalTests.swift; sourceTree = "<group>"; };
		6983B56E2BE3F14D00BF0AAC /* MDP_FinalUITests.xctest */ = {isa = PBXFileReference; explicitFileType = wrapper.cfbundle; includeInIndex = 0; path = MDP_FinalUITests.xctest; sourceTree = BUILT_PRODUCTS_DIR; };
		6983B5722BE3F14D00BF0AAC /* MDP_FinalUITests.swift */ = {isa = PBXFileReference; lastKnownFileType = sourcecode.swift; path = MDP_FinalUITests.swift; sourceTree = "<group>"; };
		6983B5742BE3F14D00BF0AAC /* MDP_FinalUITestsLaunchTests.swift */ = {isa = PBXFileReference; lastKnownFileType = sourcecode.swift; path = MDP_FinalUITestsLaunchTests.swift; sourceTree = "<group>"; };
		6983B58B2BE3F23B00BF0AAC /* LoginView.swift */ = {isa = PBXFileReference; lastKnownFileType = sourcecode.swift; path = LoginView.swift; sourceTree = "<group>"; };
		6983B58D2BE3F31D00BF0AAC /* InputVIew.swift */ = {isa = PBXFileReference; lastKnownFileType = sourcecode.swift; path = InputVIew.swift; sourceTree = "<group>"; };
/* End PBXFileReference section */

/* Begin PBXFrameworksBuildPhase section */
		6983B5512BE3F14800BF0AAC /* Frameworks */ = {
			isa = PBXFrameworksBuildPhase;
			buildActionMask = 2147483647;
			files = (
				6970A3882BE4344200C316B5 /* FirebaseDatabase in Frameworks */,
				6970A3862BE4344200C316B5 /* FirebaseAuth in Frameworks */,
				6970A38A2BE4344200C316B5 /* FirebaseFirestore in Frameworks */,
				6970A38E2BE4344200C316B5 /* FirebaseStorage in Frameworks */,
				6970A38C2BE4344200C316B5 /* FirebaseFirestoreSwift in Frameworks */,
			);
			runOnlyForDeploymentPostprocessing = 0;
		};
		6983B5612BE3F14D00BF0AAC /* Frameworks */ = {
			isa = PBXFrameworksBuildPhase;
			buildActionMask = 2147483647;
			files = (
			);
			runOnlyForDeploymentPostprocessing = 0;
		};
		6983B56B2BE3F14D00BF0AAC /* Frameworks */ = {
			isa = PBXFrameworksBuildPhase;
			buildActionMask = 2147483647;
			files = (
			);
			runOnlyForDeploymentPostprocessing = 0;
		};
/* End PBXFrameworksBuildPhase section */

/* Begin PBXGroup section */
		6983B54B2BE3F14800BF0AAC = {
			isa = PBXGroup;
			children = (
				6983B5562BE3F14800BF0AAC /* MDP_Final */,
				6983B5672BE3F14D00BF0AAC /* MDP_FinalTests */,
				6983B5712BE3F14D00BF0AAC /* MDP_FinalUITests */,
				6983B5552BE3F14800BF0AAC /* Products */,
			);
			sourceTree = "<group>";
		};
		6983B5552BE3F14800BF0AAC /* Products */ = {
			isa = PBXGroup;
			children = (
				6983B5542BE3F14800BF0AAC /* MDP_Final.app */,
				6983B5642BE3F14D00BF0AAC /* MDP_FinalTests.xctest */,
				6983B56E2BE3F14D00BF0AAC /* MDP_FinalUITests.xctest */,
			);
			name = Products;
			sourceTree = "<group>";
		};
		6983B5562BE3F14800BF0AAC /* MDP_Final */ = {
			isa = PBXGroup;
			children = (
				6970A3822BE4333D00C316B5 /* GoogleService-Info.plist */,
				6983B5852BE3F1A600BF0AAC /* Model */,
				6983B5842BE3F19F00BF0AAC /* Core */,
				6983B5832BE3F19800BF0AAC /* Components */,
				6983B5812BE3F18400BF0AAC /* App */,
				6983B55B2BE3F14C00BF0AAC /* Assets.xcassets */,
				6983B55D2BE3F14C00BF0AAC /* Preview Content */,
			);
			path = MDP_Final;
			sourceTree = "<group>";
		};
		6983B55D2BE3F14C00BF0AAC /* Preview Content */ = {
			isa = PBXGroup;
			children = (
				6983B55E2BE3F14C00BF0AAC /* Preview Assets.xcassets */,
			);
			path = "Preview Content";
			sourceTree = "<group>";
		};
		6983B5672BE3F14D00BF0AAC /* MDP_FinalTests */ = {
			isa = PBXGroup;
			children = (
				6983B5682BE3F14D00BF0AAC /* MDP_FinalTests.swift */,
			);
			path = MDP_FinalTests;
			sourceTree = "<group>";
		};
		6983B5712BE3F14D00BF0AAC /* MDP_FinalUITests */ = {
			isa = PBXGroup;
			children = (
				6983B5722BE3F14D00BF0AAC /* MDP_FinalUITests.swift */,
				6983B5742BE3F14D00BF0AAC /* MDP_FinalUITestsLaunchTests.swift */,
			);
			path = MDP_FinalUITests;
			sourceTree = "<group>";
		};
		6983B5812BE3F18400BF0AAC /* App */ = {
			isa = PBXGroup;
			children = (
				6983B5572BE3F14800BF0AAC /* MDP_FinalApp.swift */,
			);
			path = App;
			sourceTree = "<group>";
		};
		6983B5832BE3F19800BF0AAC /* Components */ = {
			isa = PBXGroup;
			children = (
				6983B58D2BE3F31D00BF0AAC /* InputVIew.swift */,
			);
			path = Components;
			sourceTree = "<group>";
		};
		6983B5842BE3F19F00BF0AAC /* Core */ = {
			isa = PBXGroup;
			children = (
				6983B5872BE3F1D700BF0AAC /* Authentication */,
				6983B5882BE3F1DD00BF0AAC /* Profile */,
				6983B5862BE3F1C400BF0AAC /* Root */,
			);
			path = Core;
			sourceTree = "<group>";
		};
		6983B5852BE3F1A600BF0AAC /* Model */ = {
			isa = PBXGroup;
			children = (
				6970A3802BE4095700C316B5 /* UserObject.swift */,
			);
			path = Model;
			sourceTree = "<group>";
		};
		6983B5862BE3F1C400BF0AAC /* Root */ = {
			isa = PBXGroup;
			children = (
				6983B5592BE3F14800BF0AAC /* ContentView.swift */,
			);
			path = Root;
			sourceTree = "<group>";
		};
		6983B5872BE3F1D700BF0AAC /* Authentication */ = {
			isa = PBXGroup;
			children = (
				6983B58B2BE3F23B00BF0AAC /* LoginView.swift */,
				6970A3912BEADBD100C316B5 /* SubmitVoteView.swift */,
				6970A37C2BE403D400C316B5 /* RegistrationView.swift */,
				6970A38F2BE435C600C316B5 /* AuthViewModel.swift */,
				6970A37E2BE4087400C316B5 /* ProfileView.swift */,
				6970A3952BEBDC2900C316B5 /* ViewVoting.swift */,
				6970A3972BEBDC3800C316B5 /* ViewWinner.swift */,
			);
			path = Authentication;
			sourceTree = "<group>";
		};
		6983B5882BE3F1DD00BF0AAC /* Profile */ = {
			isa = PBXGroup;
			children = (
			);
			path = Profile;
			sourceTree = "<group>";
		};
/* End PBXGroup section */

/* Begin PBXNativeTarget section */
		6983B5532BE3F14800BF0AAC /* MDP_Final */ = {
			isa = PBXNativeTarget;
			buildConfigurationList = 6983B5782BE3F14D00BF0AAC /* Build configuration list for PBXNativeTarget "MDP_Final" */;
			buildPhases = (
				6983B5502BE3F14800BF0AAC /* Sources */,
				6983B5512BE3F14800BF0AAC /* Frameworks */,
				6983B5522BE3F14800BF0AAC /* Resources */,
			);
			buildRules = (
			);
			dependencies = (
			);
			name = MDP_Final;
			packageProductDependencies = (
				6970A3852BE4344200C316B5 /* FirebaseAuth */,
				6970A3872BE4344200C316B5 /* FirebaseDatabase */,
				6970A3892BE4344200C316B5 /* FirebaseFirestore */,
				6970A38B2BE4344200C316B5 /* FirebaseFirestoreSwift */,
				6970A38D2BE4344200C316B5 /* FirebaseStorage */,
			);
			productName = MDP_Final;
			productReference = 6983B5542BE3F14800BF0AAC /* MDP_Final.app */;
			productType = "com.apple.product-type.application";
		};
		6983B5632BE3F14D00BF0AAC /* MDP_FinalTests */ = {
			isa = PBXNativeTarget;
			buildConfigurationList = 6983B57B2BE3F14D00BF0AAC /* Build configuration list for PBXNativeTarget "MDP_FinalTests" */;
			buildPhases = (
				6983B5602BE3F14D00BF0AAC /* Sources */,
				6983B5612BE3F14D00BF0AAC /* Frameworks */,
				6983B5622BE3F14D00BF0AAC /* Resources */,
			);
			buildRules = (
			);
			dependencies = (
				6983B5662BE3F14D00BF0AAC /* PBXTargetDependency */,
			);
			name = MDP_FinalTests;
			productName = MDP_FinalTests;
			productReference = 6983B5642BE3F14D00BF0AAC /* MDP_FinalTests.xctest */;
			productType = "com.apple.product-type.bundle.unit-test";
		};
		6983B56D2BE3F14D00BF0AAC /* MDP_FinalUITests */ = {
			isa = PBXNativeTarget;
			buildConfigurationList = 6983B57E2BE3F14D00BF0AAC /* Build configuration list for PBXNativeTarget "MDP_FinalUITests" */;
			buildPhases = (
				6983B56A2BE3F14D00BF0AAC /* Sources */,
				6983B56B2BE3F14D00BF0AAC /* Frameworks */,
				6983B56C2BE3F14D00BF0AAC /* Resources */,
			);
			buildRules = (
			);
			dependencies = (
				6983B5702BE3F14D00BF0AAC /* PBXTargetDependency */,
			);
			name = MDP_FinalUITests;
			productName = MDP_FinalUITests;
			productReference = 6983B56E2BE3F14D00BF0AAC /* MDP_FinalUITests.xctest */;
			productType = "com.apple.product-type.bundle.ui-testing";
		};
/* End PBXNativeTarget section */

/* Begin PBXProject section */
		6983B54C2BE3F14800BF0AAC /* Project object */ = {
			isa = PBXProject;
			attributes = {
				BuildIndependentTargetsInParallel = 1;
				LastSwiftUpdateCheck = 1530;
				LastUpgradeCheck = 1530;
				TargetAttributes = {
					6983B5532BE3F14800BF0AAC = {
						CreatedOnToolsVersion = 15.3;
					};
					6983B5632BE3F14D00BF0AAC = {
						CreatedOnToolsVersion = 15.3;
						TestTargetID = 6983B5532BE3F14800BF0AAC;
					};
					6983B56D2BE3F14D00BF0AAC = {
						CreatedOnToolsVersion = 15.3;
						TestTargetID = 6983B5532BE3F14800BF0AAC;
					};
				};
			};
			buildConfigurationList = 6983B54F2BE3F14800BF0AAC /* Build configuration list for PBXProject "MDP_Final" */;
			compatibilityVersion = "Xcode 14.0";
			developmentRegion = en;
			hasScannedForEncodings = 0;
			knownRegions = (
				en,
				Base,
			);
			mainGroup = 6983B54B2BE3F14800BF0AAC;
			packageReferences = (
				6970A3842BE4344200C316B5 /* XCRemoteSwiftPackageReference "firebase-ios-sdk" */,
			);
			productRefGroup = 6983B5552BE3F14800BF0AAC /* Products */;
			projectDirPath = "";
			projectRoot = "";
			targets = (
				6983B5532BE3F14800BF0AAC /* MDP_Final */,
				6983B5632BE3F14D00BF0AAC /* MDP_FinalTests */,
				6983B56D2BE3F14D00BF0AAC /* MDP_FinalUITests */,
			);
		};
/* End PBXProject section */

/* Begin PBXResourcesBuildPhase section */
		6983B5522BE3F14800BF0AAC /* Resources */ = {
			isa = PBXResourcesBuildPhase;
			buildActionMask = 2147483647;
			files = (
				6983B55F2BE3F14C00BF0AAC /* Preview Assets.xcassets in Resources */,
				6983B55C2BE3F14C00BF0AAC /* Assets.xcassets in Resources */,
				6970A3832BE4333D00C316B5 /* GoogleService-Info.plist in Resources */,
			);
			runOnlyForDeploymentPostprocessing = 0;
		};
		6983B5622BE3F14D00BF0AAC /* Resources */ = {
			isa = PBXResourcesBuildPhase;
			buildActionMask = 2147483647;
			files = (
			);
			runOnlyForDeploymentPostprocessing = 0;
		};
		6983B56C2BE3F14D00BF0AAC /* Resources */ = {
			isa = PBXResourcesBuildPhase;
			buildActionMask = 2147483647;
			files = (
			);
			runOnlyForDeploymentPostprocessing = 0;
		};
/* End PBXResourcesBuildPhase section */

/* Begin PBXSourcesBuildPhase section */
		6983B5502BE3F14800BF0AAC /* Sources */ = {
			isa = PBXSourcesBuildPhase;
			buildActionMask = 2147483647;
			files = (
				6983B58C2BE3F23B00BF0AAC /* LoginView.swift in Sources */,
				6983B58E2BE3F31D00BF0AAC /* InputVIew.swift in Sources */,
				6983B55A2BE3F14800BF0AAC /* ContentView.swift in Sources */,
				6983B5582BE3F14800BF0AAC /* MDP_FinalApp.swift in Sources */,
				6970A3982BEBDC3800C316B5 /* ViewWinner.swift in Sources */,
				6970A3902BE435C600C316B5 /* AuthViewModel.swift in Sources */,
				6970A3962BEBDC2900C316B5 /* ViewVoting.swift in Sources */,
				6970A37F2BE4087400C316B5 /* ProfileView.swift in Sources */,
				6970A3922BEADBD200C316B5 /* SubmitVoteView.swift in Sources */,
				6970A37D2BE403D400C316B5 /* RegistrationView.swift in Sources */,
				6970A3812BE4095700C316B5 /* UserObject.swift in Sources */,
			);
			runOnlyForDeploymentPostprocessing = 0;
		};
		6983B5602BE3F14D00BF0AAC /* Sources */ = {
			isa = PBXSourcesBuildPhase;
			buildActionMask = 2147483647;
			files = (
				6983B5692BE3F14D00BF0AAC /* MDP_FinalTests.swift in Sources */,
			);
			runOnlyForDeploymentPostprocessing = 0;
		};
		6983B56A2BE3F14D00BF0AAC /* Sources */ = {
			isa = PBXSourcesBuildPhase;
			buildActionMask = 2147483647;
			files = (
				6983B5732BE3F14D00BF0AAC /* MDP_FinalUITests.swift in Sources */,
				6983B5752BE3F14D00BF0AAC /* MDP_FinalUITestsLaunchTests.swift in Sources */,
			);
			runOnlyForDeploymentPostprocessing = 0;
		};
/* End PBXSourcesBuildPhase section */

/* Begin PBXTargetDependency section */
		6983B5662BE3F14D00BF0AAC /* PBXTargetDependency */ = {
			isa = PBXTargetDependency;
			target = 6983B5532BE3F14800BF0AAC /* MDP_Final */;
			targetProxy = 6983B5652BE3F14D00BF0AAC /* PBXContainerItemProxy */;
		};
		6983B5702BE3F14D00BF0AAC /* PBXTargetDependency */ = {
			isa = PBXTargetDependency;
			target = 6983B5532BE3F14800BF0AAC /* MDP_Final */;
			targetProxy = 6983B56F2BE3F14D00BF0AAC /* PBXContainerItemProxy */;
		};
/* End PBXTargetDependency section */

/* Begin XCBuildConfiguration section */
		6983B5762BE3F14D00BF0AAC /* Debug */ = {
			isa = XCBuildConfiguration;
			buildSettings = {
				ALWAYS_SEARCH_USER_PATHS = NO;
				ASSETCATALOG_COMPILER_GENERATE_SWIFT_ASSET_SYMBOL_EXTENSIONS = YES;
				CLANG_ANALYZER_NONNULL = YES;
				CLANG_ANALYZER_NUMBER_OBJECT_CONVERSION = YES_AGGRESSIVE;
				CLANG_CXX_LANGUAGE_STANDARD = "gnu++20";
				CLANG_ENABLE_MODULES = YES;
				CLANG_ENABLE_OBJC_ARC = YES;
				CLANG_ENABLE_OBJC_WEAK = YES;
				CLANG_WARN_BLOCK_CAPTURE_AUTORELEASING = YES;
				CLANG_WARN_BOOL_CONVERSION = YES;
				CLANG_WARN_COMMA = YES;
				CLANG_WARN_CONSTANT_CONVERSION = YES;
				CLANG_WARN_DEPRECATED_OBJC_IMPLEMENTATIONS = YES;
				CLANG_WARN_DIRECT_OBJC_ISA_USAGE = YES_ERROR;
				CLANG_WARN_DOCUMENTATION_COMMENTS = YES;
				CLANG_WARN_EMPTY_BODY = YES;
				CLANG_WARN_ENUM_CONVERSION = YES;
				CLANG_WARN_INFINITE_RECURSION = YES;
				CLANG_WARN_INT_CONVERSION = YES;
				CLANG_WARN_NON_LITERAL_NULL_CONVERSION = YES;
				CLANG_WARN_OBJC_IMPLICIT_RETAIN_SELF = YES;
				CLANG_WARN_OBJC_LITERAL_CONVERSION = YES;
				CLANG_WARN_OBJC_ROOT_CLASS = YES_ERROR;
				CLANG_WARN_QUOTED_INCLUDE_IN_FRAMEWORK_HEADER = YES;
				CLANG_WARN_RANGE_LOOP_ANALYSIS = YES;
				CLANG_WARN_STRICT_PROTOTYPES = YES;
				CLANG_WARN_SUSPICIOUS_MOVE = YES;
				CLANG_WARN_UNGUARDED_AVAILABILITY = YES_AGGRESSIVE;
				CLANG_WARN_UNREACHABLE_CODE = YES;
				CLANG_WARN__DUPLICATE_METHOD_MATCH = YES;
				COPY_PHASE_STRIP = NO;
				DEBUG_INFORMATION_FORMAT = dwarf;
				ENABLE_STRICT_OBJC_MSGSEND = YES;
				ENABLE_TESTABILITY = YES;
				ENABLE_USER_SCRIPT_SANDBOXING = YES;
				GCC_C_LANGUAGE_STANDARD = gnu17;
				GCC_DYNAMIC_NO_PIC = NO;
				GCC_NO_COMMON_BLOCKS = YES;
				GCC_OPTIMIZATION_LEVEL = 0;
				GCC_PREPROCESSOR_DEFINITIONS = (
					"DEBUG=1",
					"$(inherited)",
				);
				GCC_WARN_64_TO_32_BIT_CONVERSION = YES;
				GCC_WARN_ABOUT_RETURN_TYPE = YES_ERROR;
				GCC_WARN_UNDECLARED_SELECTOR = YES;
				GCC_WARN_UNINITIALIZED_AUTOS = YES_AGGRESSIVE;
				GCC_WARN_UNUSED_FUNCTION = YES;
				GCC_WARN_UNUSED_VARIABLE = YES;
				IPHONEOS_DEPLOYMENT_TARGET = 17.4;
				LOCALIZATION_PREFERS_STRING_CATALOGS = YES;
				MTL_ENABLE_DEBUG_INFO = INCLUDE_SOURCE;
				MTL_FAST_MATH = YES;
				ONLY_ACTIVE_ARCH = YES;
				SDKROOT = iphoneos;
				SWIFT_ACTIVE_COMPILATION_CONDITIONS = "DEBUG $(inherited)";
				SWIFT_OPTIMIZATION_LEVEL = "-Onone";
			};
			name = Debug;
		};
		6983B5772BE3F14D00BF0AAC /* Release */ = {
			isa = XCBuildConfiguration;
			buildSettings = {
				ALWAYS_SEARCH_USER_PATHS = NO;
				ASSETCATALOG_COMPILER_GENERATE_SWIFT_ASSET_SYMBOL_EXTENSIONS = YES;
				CLANG_ANALYZER_NONNULL = YES;
				CLANG_ANALYZER_NUMBER_OBJECT_CONVERSION = YES_AGGRESSIVE;
				CLANG_CXX_LANGUAGE_STANDARD = "gnu++20";
				CLANG_ENABLE_MODULES = YES;
				CLANG_ENABLE_OBJC_ARC = YES;
				CLANG_ENABLE_OBJC_WEAK = YES;
				CLANG_WARN_BLOCK_CAPTURE_AUTORELEASING = YES;
				CLANG_WARN_BOOL_CONVERSION = YES;
				CLANG_WARN_COMMA = YES;
				CLANG_WARN_CONSTANT_CONVERSION = YES;
				CLANG_WARN_DEPRECATED_OBJC_IMPLEMENTATIONS = YES;
				CLANG_WARN_DIRECT_OBJC_ISA_USAGE = YES_ERROR;
				CLANG_WARN_DOCUMENTATION_COMMENTS = YES;
				CLANG_WARN_EMPTY_BODY = YES;
				CLANG_WARN_ENUM_CONVERSION = YES;
				CLANG_WARN_INFINITE_RECURSION = YES;
				CLANG_WARN_INT_CONVERSION = YES;
				CLANG_WARN_NON_LITERAL_NULL_CONVERSION = YES;
				CLANG_WARN_OBJC_IMPLICIT_RETAIN_SELF = YES;
				CLANG_WARN_OBJC_LITERAL_CONVERSION = YES;
				CLANG_WARN_OBJC_ROOT_CLASS = YES_ERROR;
				CLANG_WARN_QUOTED_INCLUDE_IN_FRAMEWORK_HEADER = YES;
				CLANG_WARN_RANGE_LOOP_ANALYSIS = YES;
				CLANG_WARN_STRICT_PROTOTYPES = YES;
				CLANG_WARN_SUSPICIOUS_MOVE = YES;
				CLANG_WARN_UNGUARDED_AVAILABILITY = YES_AGGRESSIVE;
				CLANG_WARN_UNREACHABLE_CODE = YES;
				CLANG_WARN__DUPLICATE_METHOD_MATCH = YES;
				COPY_PHASE_STRIP = NO;
				DEBUG_INFORMATION_FORMAT = "dwarf-with-dsym";
				ENABLE_NS_ASSERTIONS = NO;
				ENABLE_STRICT_OBJC_MSGSEND = YES;
				ENABLE_USER_SCRIPT_SANDBOXING = YES;
				GCC_C_LANGUAGE_STANDARD = gnu17;
				GCC_NO_COMMON_BLOCKS = YES;
				GCC_WARN_64_TO_32_BIT_CONVERSION = YES;
				GCC_WARN_ABOUT_RETURN_TYPE = YES_ERROR;
				GCC_WARN_UNDECLARED_SELECTOR = YES;
				GCC_WARN_UNINITIALIZED_AUTOS = YES_AGGRESSIVE;
				GCC_WARN_UNUSED_FUNCTION = YES;
				GCC_WARN_UNUSED_VARIABLE = YES;
				IPHONEOS_DEPLOYMENT_TARGET = 17.4;
				LOCALIZATION_PREFERS_STRING_CATALOGS = YES;
				MTL_ENABLE_DEBUG_INFO = NO;
				MTL_FAST_MATH = YES;
				SDKROOT = iphoneos;
				SWIFT_COMPILATION_MODE = wholemodule;
				VALIDATE_PRODUCT = YES;
			};
			name = Release;
		};
		6983B5792BE3F14D00BF0AAC /* Debug */ = {
			isa = XCBuildConfiguration;
			buildSettings = {
				ASSETCATALOG_COMPILER_APPICON_NAME = AppIcon;
				ASSETCATALOG_COMPILER_GLOBAL_ACCENT_COLOR_NAME = AccentColor;
				CODE_SIGN_STYLE = Automatic;
				CURRENT_PROJECT_VERSION = 1;
				DEVELOPMENT_ASSET_PATHS = "\"MDP_Final/Preview Content\"";
				ENABLE_PREVIEWS = YES;
				GENERATE_INFOPLIST_FILE = YES;
				INFOPLIST_KEY_UIApplicationSceneManifest_Generation = YES;
				INFOPLIST_KEY_UIApplicationSupportsIndirectInputEvents = YES;
				INFOPLIST_KEY_UILaunchScreen_Generation = YES;
				INFOPLIST_KEY_UISupportedInterfaceOrientations_iPad = "UIInterfaceOrientationPortrait UIInterfaceOrientationPortraitUpsideDown UIInterfaceOrientationLandscapeLeft UIInterfaceOrientationLandscapeRight";
				INFOPLIST_KEY_UISupportedInterfaceOrientations_iPhone = "UIInterfaceOrientationPortrait UIInterfaceOrientationLandscapeLeft UIInterfaceOrientationLandscapeRight";
				LD_RUNPATH_SEARCH_PATHS = (
					"$(inherited)",
					"@executable_path/Frameworks",
				);
				MARKETING_VERSION = 1.0;
				PRODUCT_BUNDLE_IDENTIFIER = "jdeppen.MDP-Final";
				PRODUCT_NAME = "$(TARGET_NAME)";
				SWIFT_EMIT_LOC_STRINGS = YES;
				SWIFT_VERSION = 5.0;
				TARGETED_DEVICE_FAMILY = "1,2";
			};
			name = Debug;
		};
		6983B57A2BE3F14D00BF0AAC /* Release */ = {
			isa = XCBuildConfiguration;
			buildSettings = {
				ASSETCATALOG_COMPILER_APPICON_NAME = AppIcon;
				ASSETCATALOG_COMPILER_GLOBAL_ACCENT_COLOR_NAME = AccentColor;
				CODE_SIGN_STYLE = Automatic;
				CURRENT_PROJECT_VERSION = 1;
				DEVELOPMENT_ASSET_PATHS = "\"MDP_Final/Preview Content\"";
				ENABLE_PREVIEWS = YES;
				GENERATE_INFOPLIST_FILE = YES;
				INFOPLIST_KEY_UIApplicationSceneManifest_Generation = YES;
				INFOPLIST_KEY_UIApplicationSupportsIndirectInputEvents = YES;
				INFOPLIST_KEY_UILaunchScreen_Generation = YES;
				INFOPLIST_KEY_UISupportedInterfaceOrientations_iPad = "UIInterfaceOrientationPortrait UIInterfaceOrientationPortraitUpsideDown UIInterfaceOrientationLandscapeLeft UIInterfaceOrientationLandscapeRight";
				INFOPLIST_KEY_UISupportedInterfaceOrientations_iPhone = "UIInterfaceOrientationPortrait UIInterfaceOrientationLandscapeLeft UIInterfaceOrientationLandscapeRight";
				LD_RUNPATH_SEARCH_PATHS = (
					"$(inherited)",
					"@executable_path/Frameworks",
				);
				MARKETING_VERSION = 1.0;
				PRODUCT_BUNDLE_IDENTIFIER = "jdeppen.MDP-Final";
				PRODUCT_NAME = "$(TARGET_NAME)";
				SWIFT_EMIT_LOC_STRINGS = YES;
				SWIFT_VERSION = 5.0;
				TARGETED_DEVICE_FAMILY = "1,2";
			};
			name = Release;
		};
		6983B57C2BE3F14D00BF0AAC /* Debug */ = {
			isa = XCBuildConfiguration;
			buildSettings = {
				ALWAYS_EMBED_SWIFT_STANDARD_LIBRARIES = YES;
				BUNDLE_LOADER = "$(TEST_HOST)";
				CODE_SIGN_STYLE = Automatic;
				CURRENT_PROJECT_VERSION = 1;
				GENERATE_INFOPLIST_FILE = YES;
				IPHONEOS_DEPLOYMENT_TARGET = 17.4;
				MARKETING_VERSION = 1.0;
				PRODUCT_BUNDLE_IDENTIFIER = "jdeppen.MDP-FinalTests";
				PRODUCT_NAME = "$(TARGET_NAME)";
				SWIFT_EMIT_LOC_STRINGS = NO;
				SWIFT_VERSION = 5.0;
				TARGETED_DEVICE_FAMILY = "1,2";
				TEST_HOST = "$(BUILT_PRODUCTS_DIR)/MDP_Final.app/$(BUNDLE_EXECUTABLE_FOLDER_PATH)/MDP_Final";
			};
			name = Debug;
		};
		6983B57D2BE3F14D00BF0AAC /* Release */ = {
			isa = XCBuildConfiguration;
			buildSettings = {
				ALWAYS_EMBED_SWIFT_STANDARD_LIBRARIES = YES;
				BUNDLE_LOADER = "$(TEST_HOST)";
				CODE_SIGN_STYLE = Automatic;
				CURRENT_PROJECT_VERSION = 1;
				GENERATE_INFOPLIST_FILE = YES;
				IPHONEOS_DEPLOYMENT_TARGET = 17.4;
				MARKETING_VERSION = 1.0;
				PRODUCT_BUNDLE_IDENTIFIER = "jdeppen.MDP-FinalTests";
				PRODUCT_NAME = "$(TARGET_NAME)";
				SWIFT_EMIT_LOC_STRINGS = NO;
				SWIFT_VERSION = 5.0;
				TARGETED_DEVICE_FAMILY = "1,2";
				TEST_HOST = "$(BUILT_PRODUCTS_DIR)/MDP_Final.app/$(BUNDLE_EXECUTABLE_FOLDER_PATH)/MDP_Final";
			};
			name = Release;
		};
		6983B57F2BE3F14D00BF0AAC /* Debug */ = {
			isa = XCBuildConfiguration;
			buildSettings = {
				ALWAYS_EMBED_SWIFT_STANDARD_LIBRARIES = YES;
				CODE_SIGN_STYLE = Automatic;
				CURRENT_PROJECT_VERSION = 1;
				GENERATE_INFOPLIST_FILE = YES;
				MARKETING_VERSION = 1.0;
				PRODUCT_BUNDLE_IDENTIFIER = "jdeppen.MDP-FinalUITests";
				PRODUCT_NAME = "$(TARGET_NAME)";
				SWIFT_EMIT_LOC_STRINGS = NO;
				SWIFT_VERSION = 5.0;
				TARGETED_DEVICE_FAMILY = "1,2";
				TEST_TARGET_NAME = MDP_Final;
			};
			name = Debug;
		};
		6983B5802BE3F14D00BF0AAC /* Release */ = {
			isa = XCBuildConfiguration;
			buildSettings = {
				ALWAYS_EMBED_SWIFT_STANDARD_LIBRARIES = YES;
				CODE_SIGN_STYLE = Automatic;
				CURRENT_PROJECT_VERSION = 1;
				GENERATE_INFOPLIST_FILE = YES;
				MARKETING_VERSION = 1.0;
				PRODUCT_BUNDLE_IDENTIFIER = "jdeppen.MDP-FinalUITests";
				PRODUCT_NAME = "$(TARGET_NAME)";
				SWIFT_EMIT_LOC_STRINGS = NO;
				SWIFT_VERSION = 5.0;
				TARGETED_DEVICE_FAMILY = "1,2";
				TEST_TARGET_NAME = MDP_Final;
			};
			name = Release;
		};
/* End XCBuildConfiguration section */

/* Begin XCConfigurationList section */
		6983B54F2BE3F14800BF0AAC /* Build configuration list for PBXProject "MDP_Final" */ = {
			isa = XCConfigurationList;
			buildConfigurations = (
				6983B5762BE3F14D00BF0AAC /* Debug */,
				6983B5772BE3F14D00BF0AAC /* Release */,
			);
			defaultConfigurationIsVisible = 0;
			defaultConfigurationName = Release;
		};
		6983B5782BE3F14D00BF0AAC /* Build configuration list for PBXNativeTarget "MDP_Final" */ = {
			isa = XCConfigurationList;
			buildConfigurations = (
				6983B5792BE3F14D00BF0AAC /* Debug */,
				6983B57A2BE3F14D00BF0AAC /* Release */,
			);
			defaultConfigurationIsVisible = 0;
			defaultConfigurationName = Release;
		};
		6983B57B2BE3F14D00BF0AAC /* Build configuration list for PBXNativeTarget "MDP_FinalTests" */ = {
			isa = XCConfigurationList;
			buildConfigurations = (
				6983B57C2BE3F14D00BF0AAC /* Debug */,
				6983B57D2BE3F14D00BF0AAC /* Release */,
			);
			defaultConfigurationIsVisible = 0;
			defaultConfigurationName = Release;
		};
		6983B57E2BE3F14D00BF0AAC /* Build configuration list for PBXNativeTarget "MDP_FinalUITests" */ = {
			isa = XCConfigurationList;
			buildConfigurations = (
				6983B57F2BE3F14D00BF0AAC /* Debug */,
				6983B5802BE3F14D00BF0AAC /* Release */,
			);
			defaultConfigurationIsVisible = 0;
			defaultConfigurationName = Release;
		};
/* End XCConfigurationList section */

/* Begin XCRemoteSwiftPackageReference section */
		6970A3842BE4344200C316B5 /* XCRemoteSwiftPackageReference "firebase-ios-sdk" */ = {
			isa = XCRemoteSwiftPackageReference;
			repositoryURL = "https://github.com/firebase/firebase-ios-sdk";
			requirement = {
				kind = upToNextMajorVersion;
				minimumVersion = 10.25.0;
			};
		};
/* End XCRemoteSwiftPackageReference section */

/* Begin XCSwiftPackageProductDependency section */
		6970A3852BE4344200C316B5 /* FirebaseAuth */ = {
			isa = XCSwiftPackageProductDependency;
			package = 6970A3842BE4344200C316B5 /* XCRemoteSwiftPackageReference "firebase-ios-sdk" */;
			productName = FirebaseAuth;
		};
		6970A3872BE4344200C316B5 /* FirebaseDatabase */ = {
			isa = XCSwiftPackageProductDependency;
			package = 6970A3842BE4344200C316B5 /* XCRemoteSwiftPackageReference "firebase-ios-sdk" */;
			productName = FirebaseDatabase;
		};
		6970A3892BE4344200C316B5 /* FirebaseFirestore */ = {
			isa = XCSwiftPackageProductDependency;
			package = 6970A3842BE4344200C316B5 /* XCRemoteSwiftPackageReference "firebase-ios-sdk" */;
			productName = FirebaseFirestore;
		};
		6970A38B2BE4344200C316B5 /* FirebaseFirestoreSwift */ = {
			isa = XCSwiftPackageProductDependency;
			package = 6970A3842BE4344200C316B5 /* XCRemoteSwiftPackageReference "firebase-ios-sdk" */;
			productName = FirebaseFirestoreSwift;
		};
		6970A38D2BE4344200C316B5 /* FirebaseStorage */ = {
			isa = XCSwiftPackageProductDependency;
			package = 6970A3842BE4344200C316B5 /* XCRemoteSwiftPackageReference "firebase-ios-sdk" */;
			productName = FirebaseStorage;
		};
/* End XCSwiftPackageProductDependency section */
	};
	rootObject = 6983B54C2BE3F14800BF0AAC /* Project object */;
}
